
Microsoft Visual Studio Solution File, Format Version 12.00
# Visual Studio 15
VisualStudioVersion = 15.0.27428.2015
MinimumVisualStudioVersion = 10.0.40219.1
Project("{FAE04EC0-301F-11D3-BF4B-00C04F79EFBC}") = "ConsoleMorphVOXPro", "ConsoleMorphVOXPro\ConsoleMorphVOXPro.csproj", "{B1F8AA84-9F0B-4474-8512-F1E4EF6AE717}"
EndProject
Project("{FAE04EC0-301F-11D3-BF4B-00C04F79EFBC}") = "WpfApp1", "WpfApp1\WpfApp1.csproj", "{5A14F9BA-6147-4763-B922-3139DEEB2DB8}"
EndProject
Project("{8BC9CEB8-8B4A-11D0-8D11-00A0C91BC942}") = "C++_Test", "C++_Test\C++_Test.vcxproj", "{D1F88968-915B-4FC2-8BAA-DA10E21F622C}"
EndProject
Project("{FAE04EC0-301F-11D3-BF4B-00C04F79EFBC}") = "CSharp_Test", "CSharp_Test\CSharp_Test.csproj", "{6CE338A3-E21F-49CA-B700-6F929659036D}"
EndProject
Global
	GlobalSection(SolutionConfigurationPlatforms) = preSolution
		Debug|Any CPU = Debug|Any CPU
		Debug|x64 = Debug|x64
		Debug|x86 = Debug|x86
		Release|Any CPU = Release|Any CPU
		Release|x64 = Release|x64
		Release|x86 = Release|x86
	EndGlobalSection
	GlobalSection(ProjectConfigurationPlatforms) = postSolution
		{B1F8AA84-9F0B-4474-8512-F1E4EF6AE717}.Debug|Any CPU.ActiveCfg = Debug|Any CPU
		{B1F8AA84-9F0B-4474-8512-F1E4EF6AE717}.Debug|Any CPU.Build.0 = Debug|Any CPU
		{B1F8AA84-9F0B-4474-8512-F1E4EF6AE717}.Debug|x64.ActiveCfg = Debug|Any CPU
		{B1F8AA84-9F0B-4474-8512-F1E4EF6AE717}.Debug|x64.Build.0 = Debug|Any CPU
		{B1F8AA84-9F0B-4474-8512-F1E4EF6AE717}.Debug|x86.ActiveCfg = Debug|Any CPU
		{B1F8AA84-9F0B-4474-8512-F1E4EF6AE717}.Debug|x86.Build.0 = Debug|Any CPU
		{B1F8AA84-9F0B-4474-8512-F1E4EF6AE717}.Release|Any CPU.ActiveCfg = Release|Any CPU
		{B1F8AA84-9F0B-4474-8512-F1E4EF6AE717}.Release|Any CPU.Build.0 = Release|Any CPU
		{B1F8AA84-9F0B-4474-8512-F1E4EF6AE717}.Release|x64.ActiveCfg = Release|Any CPU
		{B1F8AA84-9F0B-4474-8512-F1E4EF6AE717}.Release|x64.Build.0 = Release|Any CPU
		{B1F8AA84-9F0B-4474-8512-F1E4EF6AE717}.Release|x86.ActiveCfg = Release|Any CPU
		{B1F8AA84-9F0B-4474-8512-F1E4EF6AE717}.Release|x86.Build.0 = Release|Any CPU
		{5A14F9BA-6147-4763-B922-3139DEEB2DB8}.Debug|Any CPU.ActiveCfg = Debug|Any CPU
		{5A14F9BA-6147-4763-B922-3139DEEB2DB8}.Debug|Any CPU.Build.0 = Debug|Any CPU
		{5A14F9BA-6147-4763-B922-3139DEEB2DB8}.Debug|x64.ActiveCfg = Debug|Any CPU
		{5A14F9BA-6147-4763-B922-3139DEEB2DB8}.Debug|x64.Build.0 = Debug|Any CPU
		{5A14F9BA-6147-4763-B922-3139DEEB2DB8}.Debug|x86.ActiveCfg = Debug|Any CPU
		{5A14F9BA-6147-4763-B922-3139DEEB2DB8}.Debug|x86.Build.0 = Debug|Any CPU
		{5A14F9BA-6147-4763-B922-3139DEEB2DB8}.Release|Any CPU.ActiveCfg = Release|Any CPU
		{5A14F9BA-6147-4763-B922-3139DEEB2DB8}.Release|Any CPU.Build.0 = Release|Any CPU
		{5A14F9BA-6147-4763-B922-3139DEEB2DB8}.Release|x64.ActiveCfg = Release|Any CPU
		{5A14F9BA-6147-4763-B922-3139DEEB2DB8}.Release|x64.Build.0 = Release|Any CPU
		{5A14F9BA-6147-4763-B922-3139DEEB2DB8}.Release|x86.ActiveCfg = Release|Any CPU
		{5A14F9BA-6147-4763-B922-3139DEEB2DB8}.Release|x86.Build.0 = Release|Any CPU
		{D1F88968-915B-4FC2-8BAA-DA10E21F622C}.Debug|Any CPU.ActiveCfg = Debug|Win32
		{D1F88968-915B-4FC2-8BAA-DA10E21F622C}.Debug|x64.ActiveCfg = Debug|x64
		{D1F88968-915B-4FC2-8BAA-DA10E21F622C}.Debug|x64.Build.0 = Debug|x64
		{D1F88968-915B-4FC2-8BAA-DA10E21F622C}.Debug|x86.ActiveCfg = Debug|Win32
		{D1F88968-915B-4FC2-8BAA-DA10E21F622C}.Debug|x86.Build.0 = Debug|Win32
		{D1F88968-915B-4FC2-8BAA-DA10E21F622C}.Release|Any CPU.ActiveCfg = Release|Win32
		{D1F88968-915B-4FC2-8BAA-DA10E21F622C}.Release|x64.ActiveCfg = Release|x64
		{D1F88968-915B-4FC2-8BAA-DA10E21F622C}.Release|x64.Build.0 = Release|x64
		{D1F88968-915B-4FC2-8BAA-DA10E21F622C}.Release|x86.ActiveCfg = Release|Win32
		{D1F88968-915B-4FC2-8BAA-DA10E21F622C}.Release|x86.Build.0 = Release|Win32
		{6CE338A3-E21F-49CA-B700-6F929659036D}.Debug|Any CPU.ActiveCfg = Debug|Any CPU
		{6CE338A3-E21F-49CA-B700-6F929659036D}.Debug|Any CPU.Build.0 = Debug|Any CPU
		{6CE338A3-E21F-49CA-B700-6F929659036D}.Debug|x64.ActiveCfg = Debug|Any CPU
		{6CE338A3-E21F-49CA-B700-6F929659036D}.Debug|x64.Build.0 = Debug|Any CPU
		{6CE338A3-E21F-49CA-B700-6F929659036D}.Debug|x86.ActiveCfg = Debug|Any CPU
		{6CE338A3-E21F-49CA-B700-6F929659036D}.Debug|x86.Build.0 = Debug|Any CPU
		{6CE338A3-E21F-49CA-B700-6F929659036D}.Release|Any CPU.ActiveCfg = Release|Any CPU
		{6CE338A3-E21F-49CA-B700-6F929659036D}.Release|Any CPU.Build.0 = Release|Any CPU
		{6CE338A3-E21F-49CA-B700-6F929659036D}.Release|x64.ActiveCfg = Release|Any CPU
		{6CE338A3-E21F-49CA-B700-6F929659036D}.Release|x64.Build.0 = Release|Any CPU
		{6CE338A3-E21F-49CA-B700-6F929659036D}.Release|x86.ActiveCfg = Release|Any CPU
		{6CE338A3-E21F-49CA-B700-6F929659036D}.Release|x86.Build.0 = Release|Any CPU
	EndGlobalSection
	GlobalSection(SolutionProperties) = preSolution
		HideSolutionNode = FALSE
	EndGlobalSection
	GlobalSection(ExtensibilityGlobals) = postSolution
		SolutionGuid = {265CB952-1C8D-4651-9763-B30CF6EC3AFD}
	EndGlobalSection
EndGlobal
